// !$*UTF8*$!
{
	archiveVersion = 1;
	classes = {
	};
	objectVersion = 63;
	objects = {

/* Begin PBXBuildFile section */
		3E3E501B2BEA88930094A20D /* XCAFootballDataClient in Frameworks */ = {isa = PBXBuildFile; productRef = 3E3E501A2BEA88930094A20D /* XCAFootballDataClient */; };
		3E3E501E2BEA89110094A20D /* StandingsTableView.swift in Sources */ = {isa = PBXBuildFile; fileRef = 3E3E501D2BEA89110094A20D /* StandingsTableView.swift */; };
		3E3E50212BEA8A720094A20D /* StandingsTableObservable.swift in Sources */ = {isa = PBXBuildFile; fileRef = 3E3E50202BEA8A720094A20D /* StandingsTableObservable.swift */; };
		3E3E50232BEA8AFA0094A20D /* FetchPhase.swift in Sources */ = {isa = PBXBuildFile; fileRef = 3E3E50222BEA8AFA0094A20D /* FetchPhase.swift */; };
		3E3E50272BEA903F0094A20D /* scorers.json in Resources */ = {isa = PBXBuildFile; fileRef = 3E3E50252BEA903F0094A20D /* scorers.json */; };
		3E3E50282BEA903F0094A20D /* standings.json in Resources */ = {isa = PBXBuildFile; fileRef = 3E3E50262BEA903F0094A20D /* standings.json */; };
		3E3E502A2BEA919D0094A20D /* Utility.swift in Sources */ = {isa = PBXBuildFile; fileRef = 3E3E50292BEA919D0094A20D /* Utility.swift */; };
		3E4618642BEA367C00F0E3D0 /* RealityKitContent in Frameworks */ = {isa = PBXBuildFile; productRef = 3E4618632BEA367C00F0E3D0 /* RealityKitContent */; };
		3E4618662BEA367C00F0E3D0 /* XCAFootballStatsApp.swift in Sources */ = {isa = PBXBuildFile; fileRef = 3E4618652BEA367C00F0E3D0 /* XCAFootballStatsApp.swift */; };
		3E4618682BEA367C00F0E3D0 /* ContentView.swift in Sources */ = {isa = PBXBuildFile; fileRef = 3E4618672BEA367C00F0E3D0 /* ContentView.swift */; };
		3E46186A2BEA367D00F0E3D0 /* Assets.xcassets in Resources */ = {isa = PBXBuildFile; fileRef = 3E4618692BEA367D00F0E3D0 /* Assets.xcassets */; };
		3E46186D2BEA367D00F0E3D0 /* Preview Assets.xcassets in Resources */ = {isa = PBXBuildFile; fileRef = 3E46186C2BEA367D00F0E3D0 /* Preview Assets.xcassets */; };
/* End PBXBuildFile section */

/* Begin PBXFileReference section */
		3E3E501D2BEA89110094A20D /* StandingsTableView.swift */ = {isa = PBXFileReference; lastKnownFileType = sourcecode.swift; path = StandingsTableView.swift; sourceTree = "<group>"; };
		3E3E50202BEA8A720094A20D /* StandingsTableObservable.swift */ = {isa = PBXFileReference; lastKnownFileType = sourcecode.swift; path = StandingsTableObservable.swift; sourceTree = "<group>"; };
		3E3E50222BEA8AFA0094A20D /* FetchPhase.swift */ = {isa = PBXFileReference; lastKnownFileType = sourcecode.swift; path = FetchPhase.swift; sourceTree = "<group>"; };
		3E3E50252BEA903F0094A20D /* scorers.json */ = {isa = PBXFileReference; fileEncoding = 4; lastKnownFileType = text.json; path = scorers.json; sourceTree = "<group>"; };
		3E3E50262BEA903F0094A20D /* standings.json */ = {isa = PBXFileReference; fileEncoding = 4; lastKnownFileType = text.json; path = standings.json; sourceTree = "<group>"; };
		3E3E50292BEA919D0094A20D /* Utility.swift */ = {isa = PBXFileReference; lastKnownFileType = sourcecode.swift; path = Utility.swift; sourceTree = "<group>"; };
		3E46185E2BEA367C00F0E3D0 /* XCAFootballStats.app */ = {isa = PBXFileReference; explicitFileType = wrapper.application; includeInIndex = 0; path = XCAFootballStats.app; sourceTree = BUILT_PRODUCTS_DIR; };
		3E4618622BEA367C00F0E3D0 /* RealityKitContent */ = {isa = PBXFileReference; lastKnownFileType = wrapper; path = RealityKitContent; sourceTree = "<group>"; };
		3E4618652BEA367C00F0E3D0 /* XCAFootballStatsApp.swift */ = {isa = PBXFileReference; lastKnownFileType = sourcecode.swift; path = XCAFootballStatsApp.swift; sourceTree = "<group>"; };
		3E4618672BEA367C00F0E3D0 /* ContentView.swift */ = {isa = PBXFileReference; lastKnownFileType = sourcecode.swift; path = ContentView.swift; sourceTree = "<group>"; };
		3E4618692BEA367D00F0E3D0 /* Assets.xcassets */ = {isa = PBXFileReference; lastKnownFileType = folder.assetcatalog; path = Assets.xcassets; sourceTree = "<group>"; };
		3E46186C2BEA367D00F0E3D0 /* Preview Assets.xcassets */ = {isa = PBXFileReference; lastKnownFileType = folder.assetcatalog; path = "Preview Assets.xcassets"; sourceTree = "<group>"; };
		3E46186E2BEA367D00F0E3D0 /* Info.plist */ = {isa = PBXFileReference; lastKnownFileType = text.plist.xml; path = Info.plist; sourceTree = "<group>"; };
/* End PBXFileReference section */

/* Begin PBXFrameworksBuildPhase section */
		3E46185B2BEA367C00F0E3D0 /* Frameworks */ = {
			isa = PBXFrameworksBuildPhase;
			buildActionMask = 2147483647;
			files = (
				3E4618642BEA367C00F0E3D0 /* RealityKitContent in Frameworks */,
				3E3E501B2BEA88930094A20D /* XCAFootballDataClient in Frameworks */,
			);
			runOnlyForDeploymentPostprocessing = 0;
		};
/* End PBXFrameworksBuildPhase section */

/* Begin PBXGroup section */
		3E3E501C2BEA88F90094A20D /* Views */ = {
			isa = PBXGroup;
			children = (
				3E3E50292BEA919D0094A20D /* Utility.swift */,
				3E3E501D2BEA89110094A20D /* StandingsTableView.swift */,
			);
			path = Views;
			sourceTree = "<group>";
		};
		3E3E501F2BEA8A600094A20D /* Observables */ = {
			isa = PBXGroup;
			children = (
				3E3E50202BEA8A720094A20D /* StandingsTableObservable.swift */,
			);
			path = Observables;
			sourceTree = "<group>";
		};
		3E3E50242BEA8FC20094A20D /* Stubs */ = {
			isa = PBXGroup;
			children = (
				3E3E50252BEA903F0094A20D /* scorers.json */,
				3E3E50262BEA903F0094A20D /* standings.json */,
			);
			path = Stubs;
			sourceTree = "<group>";
		};
		3E4618552BEA367C00F0E3D0 = {
			isa = PBXGroup;
			children = (
				3E4618602BEA367C00F0E3D0 /* XCAFootballStats */,
				3E4618612BEA367C00F0E3D0 /* Packages */,
				3E46185F2BEA367C00F0E3D0 /* Products */,
			);
			sourceTree = "<group>";
		};
		3E46185F2BEA367C00F0E3D0 /* Products */ = {
			isa = PBXGroup;
			children = (
				3E46185E2BEA367C00F0E3D0 /* XCAFootballStats.app */,
			);
			name = Products;
			sourceTree = "<group>";
		};
		3E4618602BEA367C00F0E3D0 /* XCAFootballStats */ = {
			isa = PBXGroup;
			children = (
				3E3E50242BEA8FC20094A20D /* Stubs */,
				3E3E501F2BEA8A600094A20D /* Observables */,
				3E3E501C2BEA88F90094A20D /* Views */,
				3E4618652BEA367C00F0E3D0 /* XCAFootballStatsApp.swift */,
				3E4618672BEA367C00F0E3D0 /* ContentView.swift */,
				3E4618692BEA367D00F0E3D0 /* Assets.xcassets */,
				3E46186E2BEA367D00F0E3D0 /* Info.plist */,
				3E46186B2BEA367D00F0E3D0 /* Preview Content */,
				3E3E50222BEA8AFA0094A20D /* FetchPhase.swift */,
			);
			path = XCAFootballStats;
			sourceTree = "<group>";
		};
		3E4618612BEA367C00F0E3D0 /* Packages */ = {
			isa = PBXGroup;
			children = (
				3E4618622BEA367C00F0E3D0 /* RealityKitContent */,
			);
			path = Packages;
			sourceTree = "<group>";
		};
		3E46186B2BEA367D00F0E3D0 /* Preview Content */ = {
			isa = PBXGroup;
			children = (
				3E46186C2BEA367D00F0E3D0 /* Preview Assets.xcassets */,
			);
			path = "Preview Content";
			sourceTree = "<group>";
		};
/* End PBXGroup section */

/* Begin PBXNativeTarget section */
		3E46185D2BEA367C00F0E3D0 /* XCAFootballStats */ = {
			isa = PBXNativeTarget;
			buildConfigurationList = 3E4618712BEA367D00F0E3D0 /* Build configuration list for PBXNativeTarget "XCAFootballStats" */;
			buildPhases = (
				3E46185A2BEA367C00F0E3D0 /* Sources */,
				3E46185B2BEA367C00F0E3D0 /* Frameworks */,
				3E46185C2BEA367C00F0E3D0 /* Resources */,
			);
			buildRules = (
			);
			dependencies = (
			);
			name = XCAFootballStats;
			packageProductDependencies = (
				3E4618632BEA367C00F0E3D0 /* RealityKitContent */,
				3E3E501A2BEA88930094A20D /* XCAFootballDataClient */,
			);
			productName = XCAFootballStats;
			productReference = 3E46185E2BEA367C00F0E3D0 /* XCAFootballStats.app */;
			productType = "com.apple.product-type.application";
		};
/* End PBXNativeTarget section */

/* Begin PBXProject section */
		3E4618562BEA367C00F0E3D0 /* Project object */ = {
			isa = PBXProject;
			attributes = {
				BuildIndependentTargetsInParallel = 1;
				LastSwiftUpdateCheck = 1530;
				LastUpgradeCheck = 1530;
				TargetAttributes = {
					3E46185D2BEA367C00F0E3D0 = {
						CreatedOnToolsVersion = 15.3;
					};
				};
			};
			buildConfigurationList = 3E4618592BEA367C00F0E3D0 /* Build configuration list for PBXProject "XCAFootballStats" */;
			compatibilityVersion = "Xcode 15.3";
			developmentRegion = en;
			hasScannedForEncodings = 0;
			knownRegions = (
				en,
				Base,
			);
			mainGroup = 3E4618552BEA367C00F0E3D0;
			packageReferences = (
				3E3E50192BEA88930094A20D /* XCRemoteSwiftPackageReference "XCAFootballDataClient" */,
			);
			productRefGroup = 3E46185F2BEA367C00F0E3D0 /* Products */;
			projectDirPath = "";
			projectRoot = "";
			targets = (
				3E46185D2BEA367C00F0E3D0 /* XCAFootballStats */,
			);
		};
/* End PBXProject section */

/* Begin PBXResourcesBuildPhase section */
		3E46185C2BEA367C00F0E3D0 /* Resources */ = {
			isa = PBXResourcesBuildPhase;
			buildActionMask = 2147483647;
			files = (
				3E3E50272BEA903F0094A20D /* scorers.json in Resources */,
				3E3E50282BEA903F0094A20D /* standings.json in Resources */,
				3E46186D2BEA367D00F0E3D0 /* Preview Assets.xcassets in Resources */,
				3E46186A2BEA367D00F0E3D0 /* Assets.xcassets in Resources */,
			);
			runOnlyForDeploymentPostprocessing = 0;
		};
/* End PBXResourcesBuildPhase section */

/* Begin PBXSourcesBuildPhase section */
		3E46185A2BEA367C00F0E3D0 /* Sources */ = {
			isa = PBXSourcesBuildPhase;
			buildActionMask = 2147483647;
			files = (
				3E3E50232BEA8AFA0094A20D /* FetchPhase.swift in Sources */,
				3E3E501E2BEA89110094A20D /* StandingsTableView.swift in Sources */,
				3E3E502A2BEA919D0094A20D /* Utility.swift in Sources */,
				3E3E50212BEA8A720094A20D /* StandingsTableObservable.swift in Sources */,
				3E4618682BEA367C00F0E3D0 /* ContentView.swift in Sources */,
				3E4618662BEA367C00F0E3D0 /* XCAFootballStatsApp.swift in Sources */,
			);
			runOnlyForDeploymentPostprocessing = 0;
		};
/* End PBXSourcesBuildPhase section */

/* Begin XCBuildConfiguration section */
		3E46186F2BEA367D00F0E3D0 /* Debug */ = {
			isa = XCBuildConfiguration;
			buildSettings = {
				ALWAYS_SEARCH_USER_PATHS = NO;
				ASSETCATALOG_COMPILER_GENERATE_SWIFT_ASSET_SYMBOL_EXTENSIONS = YES;
				CLANG_ANALYZER_NONNULL = YES;
				CLANG_ANALYZER_NUMBER_OBJECT_CONVERSION = YES_AGGRESSIVE;
				CLANG_CXX_LANGUAGE_STANDARD = "gnu++20";
				CLANG_ENABLE_MODULES = YES;
				CLANG_ENABLE_OBJC_ARC = YES;
				CLANG_ENABLE_OBJC_WEAK = YES;
				CLANG_WARN_BLOCK_CAPTURE_AUTORELEASING = YES;
				CLANG_WARN_BOOL_CONVERSION = YES;
				CLANG_WARN_COMMA = YES;
				CLANG_WARN_CONSTANT_CONVERSION = YES;
				CLANG_WARN_DEPRECATED_OBJC_IMPLEMENTATIONS = YES;
				CLANG_WARN_DIRECT_OBJC_ISA_USAGE = YES_ERROR;
				CLANG_WARN_DOCUMENTATION_COMMENTS = YES;
				CLANG_WARN_EMPTY_BODY = YES;
				CLANG_WARN_ENUM_CONVERSION = YES;
				CLANG_WARN_INFINITE_RECURSION = YES;
				CLANG_WARN_INT_CONVERSION = YES;
				CLANG_WARN_NON_LITERAL_NULL_CONVERSION = YES;
				CLANG_WARN_OBJC_IMPLICIT_RETAIN_SELF = YES;
				CLANG_WARN_OBJC_LITERAL_CONVERSION = YES;
				CLANG_WARN_OBJC_ROOT_CLASS = YES_ERROR;
				CLANG_WARN_QUOTED_INCLUDE_IN_FRAMEWORK_HEADER = YES;
				CLANG_WARN_RANGE_LOOP_ANALYSIS = YES;
				CLANG_WARN_STRICT_PROTOTYPES = YES;
				CLANG_WARN_SUSPICIOUS_MOVE = YES;
				CLANG_WARN_UNGUARDED_AVAILABILITY = YES_AGGRESSIVE;
				CLANG_WARN_UNREACHABLE_CODE = YES;
				CLANG_WARN__DUPLICATE_METHOD_MATCH = YES;
				COPY_PHASE_STRIP = NO;
				DEBUG_INFORMATION_FORMAT = dwarf;
				ENABLE_STRICT_OBJC_MSGSEND = YES;
				ENABLE_TESTABILITY = YES;
				ENABLE_USER_SCRIPT_SANDBOXING = YES;
				GCC_C_LANGUAGE_STANDARD = gnu17;
				GCC_DYNAMIC_NO_PIC = NO;
				GCC_NO_COMMON_BLOCKS = YES;
				GCC_OPTIMIZATION_LEVEL = 0;
				GCC_PREPROCESSOR_DEFINITIONS = (
					"DEBUG=1",
					"$(inherited)",
				);
				GCC_WARN_64_TO_32_BIT_CONVERSION = YES;
				GCC_WARN_ABOUT_RETURN_TYPE = YES_ERROR;
				GCC_WARN_UNDECLARED_SELECTOR = YES;
				GCC_WARN_UNINITIALIZED_AUTOS = YES_AGGRESSIVE;
				GCC_WARN_UNUSED_FUNCTION = YES;
				GCC_WARN_UNUSED_VARIABLE = YES;
				LOCALIZATION_PREFERS_STRING_CATALOGS = YES;
				MTL_ENABLE_DEBUG_INFO = INCLUDE_SOURCE;
				MTL_FAST_MATH = YES;
				ONLY_ACTIVE_ARCH = YES;
				SDKROOT = xros;
				SWIFT_ACTIVE_COMPILATION_CONDITIONS = "DEBUG $(inherited)";
				SWIFT_OPTIMIZATION_LEVEL = "-Onone";
				XROS_DEPLOYMENT_TARGET = 1.1;
			};
			name = Debug;
		};
		3E4618702BEA367D00F0E3D0 /* Release */ = {
			isa = XCBuildConfiguration;
			buildSettings = {
				ALWAYS_SEARCH_USER_PATHS = NO;
				ASSETCATALOG_COMPILER_GENERATE_SWIFT_ASSET_SYMBOL_EXTENSIONS = YES;
				CLANG_ANALYZER_NONNULL = YES;
				CLANG_ANALYZER_NUMBER_OBJECT_CONVERSION = YES_AGGRESSIVE;
				CLANG_CXX_LANGUAGE_STANDARD = "gnu++20";
				CLANG_ENABLE_MODULES = YES;
				CLANG_ENABLE_OBJC_ARC = YES;
				CLANG_ENABLE_OBJC_WEAK = YES;
				CLANG_WARN_BLOCK_CAPTURE_AUTORELEASING = YES;
				CLANG_WARN_BOOL_CONVERSION = YES;
				CLANG_WARN_COMMA = YES;
				CLANG_WARN_CONSTANT_CONVERSION = YES;
				CLANG_WARN_DEPRECATED_OBJC_IMPLEMENTATIONS = YES;
				CLANG_WARN_DIRECT_OBJC_ISA_USAGE = YES_ERROR;
				CLANG_WARN_DOCUMENTATION_COMMENTS = YES;
				CLANG_WARN_EMPTY_BODY = YES;
				CLANG_WARN_ENUM_CONVERSION = YES;
				CLANG_WARN_INFINITE_RECURSION = YES;
				CLANG_WARN_INT_CONVERSION = YES;
				CLANG_WARN_NON_LITERAL_NULL_CONVERSION = YES;
				CLANG_WARN_OBJC_IMPLICIT_RETAIN_SELF = YES;
				CLANG_WARN_OBJC_LITERAL_CONVERSION = YES;
				CLANG_WARN_OBJC_ROOT_CLASS = YES_ERROR;
				CLANG_WARN_QUOTED_INCLUDE_IN_FRAMEWORK_HEADER = YES;
				CLANG_WARN_RANGE_LOOP_ANALYSIS = YES;
				CLANG_WARN_STRICT_PROTOTYPES = YES;
				CLANG_WARN_SUSPICIOUS_MOVE = YES;
				CLANG_WARN_UNGUARDED_AVAILABILITY = YES_AGGRESSIVE;
				CLANG_WARN_UNREACHABLE_CODE = YES;
				CLANG_WARN__DUPLICATE_METHOD_MATCH = YES;
				COPY_PHASE_STRIP = NO;
				DEBUG_INFORMATION_FORMAT = "dwarf-with-dsym";
				ENABLE_NS_ASSERTIONS = NO;
				ENABLE_STRICT_OBJC_MSGSEND = YES;
				ENABLE_USER_SCRIPT_SANDBOXING = YES;
				GCC_C_LANGUAGE_STANDARD = gnu17;
				GCC_NO_COMMON_BLOCKS = YES;
				GCC_WARN_64_TO_32_BIT_CONVERSION = YES;
				GCC_WARN_ABOUT_RETURN_TYPE = YES_ERROR;
				GCC_WARN_UNDECLARED_SELECTOR = YES;
				GCC_WARN_UNINITIALIZED_AUTOS = YES_AGGRESSIVE;
				GCC_WARN_UNUSED_FUNCTION = YES;
				GCC_WARN_UNUSED_VARIABLE = YES;
				LOCALIZATION_PREFERS_STRING_CATALOGS = YES;
				MTL_ENABLE_DEBUG_INFO = NO;
				MTL_FAST_MATH = YES;
				SDKROOT = xros;
				SWIFT_COMPILATION_MODE = wholemodule;
				VALIDATE_PRODUCT = YES;
				XROS_DEPLOYMENT_TARGET = 1.1;
			};
			name = Release;
		};
		3E4618722BEA367D00F0E3D0 /* Debug */ = {
			isa = XCBuildConfiguration;
			buildSettings = {
				ASSETCATALOG_COMPILER_APPICON_NAME = AppIcon;
				ASSETCATALOG_COMPILER_GLOBAL_ACCENT_COLOR_NAME = AccentColor;
				CODE_SIGN_STYLE = Automatic;
				CURRENT_PROJECT_VERSION = 1;
				DEVELOPMENT_ASSET_PATHS = "\"XCAFootballStats/Preview Content\"";
				DEVELOPMENT_TEAM = WLW428B75Y;
				ENABLE_PREVIEWS = YES;
				GENERATE_INFOPLIST_FILE = YES;
				INFOPLIST_FILE = "$(TARGET_NAME)/Info.plist";
				LD_RUNPATH_SEARCH_PATHS = (
					"$(inherited)",
					"@executable_path/Frameworks",
				);
				MARKETING_VERSION = 1.0;
				PRODUCT_BUNDLE_IDENTIFIER = com.Dave.XCAFootballStats;
				PRODUCT_NAME = "$(TARGET_NAME)";
				SUPPORTED_PLATFORMS = "xros xrsimulator";
				SWIFT_EMIT_LOC_STRINGS = YES;
				SWIFT_VERSION = 5.0;
				TARGETED_DEVICE_FAMILY = "1,2,7";
			};
			name = Debug;
		};
		3E4618732BEA367D00F0E3D0 /* Release */ = {
			isa = XCBuildConfiguration;
			buildSettings = {
				ASSETCATALOG_COMPILER_APPICON_NAME = AppIcon;
				ASSETCATALOG_COMPILER_GLOBAL_ACCENT_COLOR_NAME = AccentColor;
				CODE_SIGN_STYLE = Automatic;
				CURRENT_PROJECT_VERSION = 1;
				DEVELOPMENT_ASSET_PATHS = "\"XCAFootballStats/Preview Content\"";
				DEVELOPMENT_TEAM = WLW428B75Y;
				ENABLE_PREVIEWS = YES;
				GENERATE_INFOPLIST_FILE = YES;
				INFOPLIST_FILE = "$(TARGET_NAME)/Info.plist";
				LD_RUNPATH_SEARCH_PATHS = (
					"$(inherited)",
					"@executable_path/Frameworks",
				);
				MARKETING_VERSION = 1.0;
				PRODUCT_BUNDLE_IDENTIFIER = com.Dave.XCAFootballStats;
				PRODUCT_NAME = "$(TARGET_NAME)";
				SUPPORTED_PLATFORMS = "xros xrsimulator";
				SWIFT_EMIT_LOC_STRINGS = YES;
				SWIFT_VERSION = 5.0;
				TARGETED_DEVICE_FAMILY = "1,2,7";
			};
			name = Release;
		};
/* End XCBuildConfiguration section */

/* Begin XCConfigurationList section */
		3E4618592BEA367C00F0E3D0 /* Build configuration list for PBXProject "XCAFootballStats" */ = {
			isa = XCConfigurationList;
			buildConfigurations = (
				3E46186F2BEA367D00F0E3D0 /* Debug */,
				3E4618702BEA367D00F0E3D0 /* Release */,
			);
			defaultConfigurationIsVisible = 0;
			defaultConfigurationName = Release;
		};
		3E4618712BEA367D00F0E3D0 /* Build configuration list for PBXNativeTarget "XCAFootballStats" */ = {
			isa = XCConfigurationList;
			buildConfigurations = (
				3E4618722BEA367D00F0E3D0 /* Debug */,
				3E4618732BEA367D00F0E3D0 /* Release */,
			);
			defaultConfigurationIsVisible = 0;
			defaultConfigurationName = Release;
		};
/* End XCConfigurationList section */

/* Begin XCRemoteSwiftPackageReference section */
		3E3E50192BEA88930094A20D /* XCRemoteSwiftPackageReference "XCAFootballDataClient" */ = {
			isa = XCRemoteSwiftPackageReference;
			repositoryURL = "https://github.com/alfianlosari/XCAFootballDataClient";
			requirement = {
				kind = upToNextMajorVersion;
				minimumVersion = 0.1.0;
			};
		};
/* End XCRemoteSwiftPackageReference section */

/* Begin XCSwiftPackageProductDependency section */
		3E3E501A2BEA88930094A20D /* XCAFootballDataClient */ = {
			isa = XCSwiftPackageProductDependency;
			package = 3E3E50192BEA88930094A20D /* XCRemoteSwiftPackageReference "XCAFootballDataClient" */;
			productName = XCAFootballDataClient;
		};
		3E4618632BEA367C00F0E3D0 /* RealityKitContent */ = {
			isa = XCSwiftPackageProductDependency;
			productName = RealityKitContent;
		};
/* End XCSwiftPackageProductDependency section */
	};
	rootObject = 3E4618562BEA367C00F0E3D0 /* Project object */;
}
